schema: '2.0'
stages:
  data-cleaning:
    cmd: python -m src.data.data_cleaning
    deps:
    - path: data/raw/urbaneats-dataset.csv
      hash: md5
      md5: 55bd6cc42f2360b5de9569cf9cbd8342
      size: 7726618
    outs:
    - path: data/cleaned/urbaneats-cleaned-dataset.csv
      hash: md5
      md5: 9160c106062688205cd7dc1347d8267d
      size: 4419509
  data-preparation:
    cmd: python -m src.data.data_preparation
    deps:
    - path: data/cleaned/urbaneats-cleaned-dataset.csv
      hash: md5
      md5: 9160c106062688205cd7dc1347d8267d
      size: 4419509
    - path: src/data/data_preparation.py
      hash: md5
      md5: ca52dad99547e60468507d3993aa52c6
      size: 6704
    params:
      params.yaml:
        Data_Preparation.random_state: 42
        Data_Preparation.test_size: 0.2
    outs:
    - path: data/interim/test.csv
      hash: md5
      md5: 20172ab330931a534fcb3fb75bf1b77a
      size: 901132
    - path: data/interim/train.csv
      hash: md5
      md5: 08e8f74451482dfdf2f472e94acb5993
      size: 3604437
  feature-preprocessing:
    cmd: python -m src.features.feature_preprocessing
    deps:
    - path: data/interim/test.csv
      hash: md5
      md5: 20172ab330931a534fcb3fb75bf1b77a
      size: 901132
    - path: data/interim/train.csv
      hash: md5
      md5: 08e8f74451482dfdf2f472e94acb5993
      size: 3604437
    - path: src/features/feature_preprocessing.py
      hash: md5
      md5: 2409485be375878083ceddb5d70ff2f4
      size: 7947
    outs:
    - path: data/processed/test_trans.csv
      hash: md5
      md5: 5890b119640eb07bd1b6d3abff5c509e
      size: 1089311
    - path: data/processed/train_trans.csv
      hash: md5
      md5: febb87a261494b0d2b2c580283ddb808
      size: 4329418
    - path: models/preprocessor.joblib
      hash: md5
      md5: 796c5013902ad82b168f6834157ac471
      size: 7171
  training-model:
    cmd: python -m src.models.train_model
    deps:
    - path: data/processed/train_trans.csv
      hash: md5
      md5: febb87a261494b0d2b2c580283ddb808
      size: 4329418
    - path: src/models/train_model.py
      hash: md5
      md5: a99a841de5a749a3fef62a660df122a2
      size: 7421
    params:
      params.yaml:
        Train.RFRegressor:
          max_depth: 15
          max_features:
          max_samples: 0.8689643457612419
          min_samples_leaf: 1
          min_samples_split: 10
          n_estimators: 190
          n_jobs: -1
          random_state: 42
        Train.XGBRegressor:
          colsample_bylevel: 0.8881626404741021
          colsample_bynode: 0.7870334195129309
          colsample_bytree: 0.9651511117267577
          gamma: 0.452621135308464
          grow_policy: lossguide
          learning_rate: 0.03417913351080966
          max_delta_step: 1
          max_depth: 11
          min_child_weight: 4
          n_estimators: 603
          n_jobs: -1
          random_state: 42
          reg_alpha: 8.213030683468666e-08
          reg_lambda: 0.2436995143218315
          subsample: 0.863443370509037
          tree_method: hist
    outs:
    - path: models/model.joblib
      hash: md5
      md5: abaea705690ecae7ea1dfd356dade4d2
      size: 64405688
    - path: models/power_transformer.joblib
      hash: md5
      md5: 10cd568333241a57a6c5a0beb08de0bf
      size: 805
    - path: models/stacking_regressor.joblib
      hash: md5
      md5: 1405a091abc57eef8b66fa2d8a49b968
      size: 64395706
  evaluation:
    cmd: python -m src.models.evaluate_model
    deps:
    - path: data/processed/test_trans.csv
      hash: md5
      md5: 5890b119640eb07bd1b6d3abff5c509e
      size: 1089311
    - path: data/processed/train_trans.csv
      hash: md5
      md5: febb87a261494b0d2b2c580283ddb808
      size: 4329418
    - path: models/model.joblib
      hash: md5
      md5: abaea705690ecae7ea1dfd356dade4d2
      size: 64405688
    - path: models/preprocessor.joblib
      hash: md5
      md5: 796c5013902ad82b168f6834157ac471
      size: 7171
    outs:
    - path: reports/run_information.json
      hash: md5
      md5: 678ddbcb433e245ad9ee1e625ac115c0
      size: 225
