schema: '2.0'
stages:
  data-cleaning:
    cmd: python -m src.data.data_cleaning
    deps:
    - path: data/raw/urbaneats-dataset.csv
      hash: md5
      md5: 55bd6cc42f2360b5de9569cf9cbd8342
      size: 7726618
    outs:
    - path: data/cleaned/urbaneats-cleaned-dataset.csv
      hash: md5
      md5: 9160c106062688205cd7dc1347d8267d
      size: 4419509
